// !$*UTF8*$!
{
	archiveVersion = 1;
	classes = {
	};
	objectVersion = 77;
	objects = {

/* Begin PBXContainerItemProxy section */
		55438A3B2D93CF26002D3248 /* PBXContainerItemProxy */ = {
			isa = PBXContainerItemProxy;
			containerPortal = 55438A222D93CF25002D3248 /* Project object */;
			proxyType = 1;
			remoteGlobalIDString = 55438A292D93CF25002D3248;
			remoteInfo = meishi_kanri;
		};
		55438A452D93CF26002D3248 /* PBXContainerItemProxy */ = {
			isa = PBXContainerItemProxy;
			containerPortal = 55438A222D93CF25002D3248 /* Project object */;
			proxyType = 1;
			remoteGlobalIDString = 55438A292D93CF25002D3248;
			remoteInfo = meishi_kanri;
		};
/* End PBXContainerItemProxy section */

/* Begin PBXFileReference section */
		55438A2A2D93CF25002D3248 /* meishi_kanri.app */ = {isa = PBXFileReference; explicitFileType = wrapper.application; includeInIndex = 0; path = meishi_kanri.app; sourceTree = BUILT_PRODUCTS_DIR; };
		55438A3A2D93CF26002D3248 /* meishi_kanriTests.xctest */ = {isa = PBXFileReference; explicitFileType = wrapper.cfbundle; includeInIndex = 0; path = meishi_kanriTests.xctest; sourceTree = BUILT_PRODUCTS_DIR; };
		55438A442D93CF26002D3248 /* meishi_kanriUITests.xctest */ = {isa = PBXFileReference; explicitFileType = wrapper.cfbundle; includeInIndex = 0; path = meishi_kanriUITests.xctest; sourceTree = BUILT_PRODUCTS_DIR; };
/* End PBXFileReference section */

/* Begin PBXFileSystemSynchronizedRootGroup section */
		55438A2C2D93CF25002D3248 /* meishi_kanri */ = {
			isa = PBXFileSystemSynchronizedRootGroup;
			path = meishi_kanri;
			sourceTree = "<group>";
		};
		55438A3D2D93CF26002D3248 /* meishi_kanriTests */ = {
			isa = PBXFileSystemSynchronizedRootGroup;
			path = meishi_kanriTests;
			sourceTree = "<group>";
		};
		55438A472D93CF26002D3248 /* meishi_kanriUITests */ = {
			isa = PBXFileSystemSynchronizedRootGroup;
			path = meishi_kanriUITests;
			sourceTree = "<group>";
		};
/* End PBXFileSystemSynchronizedRootGroup section */

/* Begin PBXFrameworksBuildPhase section */
		55438A272D93CF25002D3248 /* Frameworks */ = {
			isa = PBXFrameworksBuildPhase;
			buildActionMask = 2147483647;
			files = (
			);
			runOnlyForDeploymentPostprocessing = 0;
		};
		55438A372D93CF26002D3248 /* Frameworks */ = {
			isa = PBXFrameworksBuildPhase;
			buildActionMask = 2147483647;
			files = (
			);
			runOnlyForDeploymentPostprocessing = 0;
		};
		55438A412D93CF26002D3248 /* Frameworks */ = {
			isa = PBXFrameworksBuildPhase;
			buildActionMask = 2147483647;
			files = (
			);
			runOnlyForDeploymentPostprocessing = 0;
		};
/* End PBXFrameworksBuildPhase section */

/* Begin PBXGroup section */
		55438A212D93CF25002D3248 = {
			isa = PBXGroup;
			children = (
				55438A2C2D93CF25002D3248 /* meishi_kanri */,
				55438A3D2D93CF26002D3248 /* meishi_kanriTests */,
				55438A472D93CF26002D3248 /* meishi_kanriUITests */,
				55438A2B2D93CF25002D3248 /* Products */,
			);
			sourceTree = "<group>";
		};
		55438A2B2D93CF25002D3248 /* Products */ = {
			isa = PBXGroup;
			children = (
				55438A2A2D93CF25002D3248 /* meishi_kanri.app */,
				55438A3A2D93CF26002D3248 /* meishi_kanriTests.xctest */,
				55438A442D93CF26002D3248 /* meishi_kanriUITests.xctest */,
			);
			name = Products;
			sourceTree = "<group>";
		};
/* End PBXGroup section */

/* Begin PBXNativeTarget section */
		55438A292D93CF25002D3248 /* meishi_kanri */ = {
			isa = PBXNativeTarget;
			buildConfigurationList = 55438A4E2D93CF26002D3248 /* Build configuration list for PBXNativeTarget "meishi_kanri" */;
			buildPhases = (
				55438A262D93CF25002D3248 /* Sources */,
				55438A272D93CF25002D3248 /* Frameworks */,
				55438A282D93CF25002D3248 /* Resources */,
			);
			buildRules = (
			);
			dependencies = (
			);
			fileSystemSynchronizedGroups = (
				55438A2C2D93CF25002D3248 /* meishi_kanri */,
			);
			name = meishi_kanri;
			packageProductDependencies = (
			);
			productName = meishi_kanri;
			productReference = 55438A2A2D93CF25002D3248 /* meishi_kanri.app */;
			productType = "com.apple.product-type.application";
		};
		55438A392D93CF26002D3248 /* meishi_kanriTests */ = {
			isa = PBXNativeTarget;
			buildConfigurationList = 55438A512D93CF26002D3248 /* Build configuration list for PBXNativeTarget "meishi_kanriTests" */;
			buildPhases = (
				55438A362D93CF26002D3248 /* Sources */,
				55438A372D93CF26002D3248 /* Frameworks */,
				55438A382D93CF26002D3248 /* Resources */,
			);
			buildRules = (
			);
			dependencies = (
				55438A3C2D93CF26002D3248 /* PBXTargetDependency */,
			);
			fileSystemSynchronizedGroups = (
				55438A3D2D93CF26002D3248 /* meishi_kanriTests */,
			);
			name = meishi_kanriTests;
			packageProductDependencies = (
			);
			productName = meishi_kanriTests;
			productReference = 55438A3A2D93CF26002D3248 /* meishi_kanriTests.xctest */;
			productType = "com.apple.product-type.bundle.unit-test";
		};
		55438A432D93CF26002D3248 /* meishi_kanriUITests */ = {
			isa = PBXNativeTarget;
			buildConfigurationList = 55438A542D93CF26002D3248 /* Build configuration list for PBXNativeTarget "meishi_kanriUITests" */;
			buildPhases = (
				55438A402D93CF26002D3248 /* Sources */,
				55438A412D93CF26002D3248 /* Frameworks */,
				55438A422D93CF26002D3248 /* Resources */,
			);
			buildRules = (
			);
			dependencies = (
				55438A462D93CF26002D3248 /* PBXTargetDependency */,
			);
			fileSystemSynchronizedGroups = (
				55438A472D93CF26002D3248 /* meishi_kanriUITests */,
			);
			name = meishi_kanriUITests;
			packageProductDependencies = (
			);
			productName = meishi_kanriUITests;
			productReference = 55438A442D93CF26002D3248 /* meishi_kanriUITests.xctest */;
			productType = "com.apple.product-type.bundle.ui-testing";
		};
/* End PBXNativeTarget section */

/* Begin PBXProject section */
		55438A222D93CF25002D3248 /* Project object */ = {
			isa = PBXProject;
			attributes = {
				BuildIndependentTargetsInParallel = 1;
				LastSwiftUpdateCheck = 1610;
				LastUpgradeCheck = 1610;
				TargetAttributes = {
					55438A292D93CF25002D3248 = {
						CreatedOnToolsVersion = 16.1;
					};
					55438A392D93CF26002D3248 = {
						CreatedOnToolsVersion = 16.1;
						TestTargetID = 55438A292D93CF25002D3248;
					};
					55438A432D93CF26002D3248 = {
						CreatedOnToolsVersion = 16.1;
						TestTargetID = 55438A292D93CF25002D3248;
					};
				};
			};
			buildConfigurationList = 55438A252D93CF25002D3248 /* Build configuration list for PBXProject "meishi_kanri" */;
			developmentRegion = en;
			hasScannedForEncodings = 0;
			knownRegions = (
				en,
				Base,
			);
			mainGroup = 55438A212D93CF25002D3248;
			minimizedProjectReferenceProxies = 1;
			preferredProjectObjectVersion = 77;
			productRefGroup = 55438A2B2D93CF25002D3248 /* Products */;
			projectDirPath = "";
			projectRoot = "";
			targets = (
				55438A292D93CF25002D3248 /* meishi_kanri */,
				55438A392D93CF26002D3248 /* meishi_kanriTests */,
				55438A432D93CF26002D3248 /* meishi_kanriUITests */,
			);
		};
/* End PBXProject section */

/* Begin PBXResourcesBuildPhase section */
		55438A282D93CF25002D3248 /* Resources */ = {
			isa = PBXResourcesBuildPhase;
			buildActionMask = 2147483647;
			files = (
			);
			runOnlyForDeploymentPostprocessing = 0;
		};
		55438A382D93CF26002D3248 /* Resources */ = {
			isa = PBXResourcesBuildPhase;
			buildActionMask = 2147483647;
			files = (
			);
			runOnlyForDeploymentPostprocessing = 0;
		};
		55438A422D93CF26002D3248 /* Resources */ = {
			isa = PBXResourcesBuildPhase;
			buildActionMask = 2147483647;
			files = (
			);
			runOnlyForDeploymentPostprocessing = 0;
		};
/* End PBXResourcesBuildPhase section */

/* Begin PBXSourcesBuildPhase section */
		55438A262D93CF25002D3248 /* Sources */ = {
			isa = PBXSourcesBuildPhase;
			buildActionMask = 2147483647;
			files = (
			);
			runOnlyForDeploymentPostprocessing = 0;
		};
		55438A362D93CF26002D3248 /* Sources */ = {
			isa = PBXSourcesBuildPhase;
			buildActionMask = 2147483647;
			files = (
			);
			runOnlyForDeploymentPostprocessing = 0;
		};
		55438A402D93CF26002D3248 /* Sources */ = {
			isa = PBXSourcesBuildPhase;
			buildActionMask = 2147483647;
			files = (
			);
			runOnlyForDeploymentPostprocessing = 0;
		};
/* End PBXSourcesBuildPhase section */

/* Begin PBXTargetDependency section */
		55438A3C2D93CF26002D3248 /* PBXTargetDependency */ = {
			isa = PBXTargetDependency;
			target = 55438A292D93CF25002D3248 /* meishi_kanri */;
			targetProxy = 55438A3B2D93CF26002D3248 /* PBXContainerItemProxy */;
		};
		55438A462D93CF26002D3248 /* PBXTargetDependency */ = {
			isa = PBXTargetDependency;
			target = 55438A292D93CF25002D3248 /* meishi_kanri */;
			targetProxy = 55438A452D93CF26002D3248 /* PBXContainerItemProxy */;
		};
/* End PBXTargetDependency section */

/* Begin XCBuildConfiguration section */
		55438A4C2D93CF26002D3248 /* Debug */ = {
			isa = XCBuildConfiguration;
			buildSettings = {
				ALWAYS_SEARCH_USER_PATHS = NO;
				ASSETCATALOG_COMPILER_GENERATE_SWIFT_ASSET_SYMBOL_EXTENSIONS = YES;
				CLANG_ANALYZER_NONNULL = YES;
				CLANG_ANALYZER_NUMBER_OBJECT_CONVERSION = YES_AGGRESSIVE;
				CLANG_CXX_LANGUAGE_STANDARD = "gnu++20";
				CLANG_ENABLE_MODULES = YES;
				CLANG_ENABLE_OBJC_ARC = YES;
				CLANG_ENABLE_OBJC_WEAK = YES;
				CLANG_WARN_BLOCK_CAPTURE_AUTORELEASING = YES;
				CLANG_WARN_BOOL_CONVERSION = YES;
				CLANG_WARN_COMMA = YES;
				CLANG_WARN_CONSTANT_CONVERSION = YES;
				CLANG_WARN_DEPRECATED_OBJC_IMPLEMENTATIONS = YES;
				CLANG_WARN_DIRECT_OBJC_ISA_USAGE = YES_ERROR;
				CLANG_WARN_DOCUMENTATION_COMMENTS = YES;
				CLANG_WARN_EMPTY_BODY = YES;
				CLANG_WARN_ENUM_CONVERSION = YES;
				CLANG_WARN_INFINITE_RECURSION = YES;
				CLANG_WARN_INT_CONVERSION = YES;
				CLANG_WARN_NON_LITERAL_NULL_CONVERSION = YES;
				CLANG_WARN_OBJC_IMPLICIT_RETAIN_SELF = YES;
				CLANG_WARN_OBJC_LITERAL_CONVERSION = YES;
				CLANG_WARN_OBJC_ROOT_CLASS = YES_ERROR;
				CLANG_WARN_QUOTED_INCLUDE_IN_FRAMEWORK_HEADER = YES;
				CLANG_WARN_RANGE_LOOP_ANALYSIS = YES;
				CLANG_WARN_STRICT_PROTOTYPES = YES;
				CLANG_WARN_SUSPICIOUS_MOVE = YES;
				CLANG_WARN_UNGUARDED_AVAILABILITY = YES_AGGRESSIVE;
				CLANG_WARN_UNREACHABLE_CODE = YES;
				CLANG_WARN__DUPLICATE_METHOD_MATCH = YES;
				COPY_PHASE_STRIP = NO;
				DEBUG_INFORMATION_FORMAT = dwarf;
				ENABLE_STRICT_OBJC_MSGSEND = YES;
				ENABLE_TESTABILITY = YES;
				ENABLE_USER_SCRIPT_SANDBOXING = YES;
				GCC_C_LANGUAGE_STANDARD = gnu17;
				GCC_DYNAMIC_NO_PIC = NO;
				GCC_NO_COMMON_BLOCKS = YES;
				GCC_OPTIMIZATION_LEVEL = 0;
				GCC_PREPROCESSOR_DEFINITIONS = (
					"DEBUG=1",
					"$(inherited)",
				);
				GCC_WARN_64_TO_32_BIT_CONVERSION = YES;
				GCC_WARN_ABOUT_RETURN_TYPE = YES_ERROR;
				GCC_WARN_UNDECLARED_SELECTOR = YES;
				GCC_WARN_UNINITIALIZED_AUTOS = YES_AGGRESSIVE;
				GCC_WARN_UNUSED_FUNCTION = YES;
				GCC_WARN_UNUSED_VARIABLE = YES;
				IPHONEOS_DEPLOYMENT_TARGET = 18.1;
				LOCALIZATION_PREFERS_STRING_CATALOGS = YES;
				MTL_ENABLE_DEBUG_INFO = INCLUDE_SOURCE;
				MTL_FAST_MATH = YES;
				ONLY_ACTIVE_ARCH = YES;
				SDKROOT = iphoneos;
				SWIFT_ACTIVE_COMPILATION_CONDITIONS = "DEBUG $(inherited)";
				SWIFT_OPTIMIZATION_LEVEL = "-Onone";
			};
			name = Debug;
		};
		55438A4D2D93CF26002D3248 /* Release */ = {
			isa = XCBuildConfiguration;
			buildSettings = {
				ALWAYS_SEARCH_USER_PATHS = NO;
				ASSETCATALOG_COMPILER_GENERATE_SWIFT_ASSET_SYMBOL_EXTENSIONS = YES;
				CLANG_ANALYZER_NONNULL = YES;
				CLANG_ANALYZER_NUMBER_OBJECT_CONVERSION = YES_AGGRESSIVE;
				CLANG_CXX_LANGUAGE_STANDARD = "gnu++20";
				CLANG_ENABLE_MODULES = YES;
				CLANG_ENABLE_OBJC_ARC = YES;
				CLANG_ENABLE_OBJC_WEAK = YES;
				CLANG_WARN_BLOCK_CAPTURE_AUTORELEASING = YES;
				CLANG_WARN_BOOL_CONVERSION = YES;
				CLANG_WARN_COMMA = YES;
				CLANG_WARN_CONSTANT_CONVERSION = YES;
				CLANG_WARN_DEPRECATED_OBJC_IMPLEMENTATIONS = YES;
				CLANG_WARN_DIRECT_OBJC_ISA_USAGE = YES_ERROR;
				CLANG_WARN_DOCUMENTATION_COMMENTS = YES;
				CLANG_WARN_EMPTY_BODY = YES;
				CLANG_WARN_ENUM_CONVERSION = YES;
				CLANG_WARN_INFINITE_RECURSION = YES;
				CLANG_WARN_INT_CONVERSION = YES;
				CLANG_WARN_NON_LITERAL_NULL_CONVERSION = YES;
				CLANG_WARN_OBJC_IMPLICIT_RETAIN_SELF = YES;
				CLANG_WARN_OBJC_LITERAL_CONVERSION = YES;
				CLANG_WARN_OBJC_ROOT_CLASS = YES_ERROR;
				CLANG_WARN_QUOTED_INCLUDE_IN_FRAMEWORK_HEADER = YES;
				CLANG_WARN_RANGE_LOOP_ANALYSIS = YES;
				CLANG_WARN_STRICT_PROTOTYPES = YES;
				CLANG_WARN_SUSPICIOUS_MOVE = YES;
				CLANG_WARN_UNGUARDED_AVAILABILITY = YES_AGGRESSIVE;
				CLANG_WARN_UNREACHABLE_CODE = YES;
				CLANG_WARN__DUPLICATE_METHOD_MATCH = YES;
				COPY_PHASE_STRIP = NO;
				DEBUG_INFORMATION_FORMAT = "dwarf-with-dsym";
				ENABLE_NS_ASSERTIONS = NO;
				ENABLE_STRICT_OBJC_MSGSEND = YES;
				ENABLE_USER_SCRIPT_SANDBOXING = YES;
				GCC_C_LANGUAGE_STANDARD = gnu17;
				GCC_NO_COMMON_BLOCKS = YES;
				GCC_WARN_64_TO_32_BIT_CONVERSION = YES;
				GCC_WARN_ABOUT_RETURN_TYPE = YES_ERROR;
				GCC_WARN_UNDECLARED_SELECTOR = YES;
				GCC_WARN_UNINITIALIZED_AUTOS = YES_AGGRESSIVE;
				GCC_WARN_UNUSED_FUNCTION = YES;
				GCC_WARN_UNUSED_VARIABLE = YES;
				IPHONEOS_DEPLOYMENT_TARGET = 18.1;
				LOCALIZATION_PREFERS_STRING_CATALOGS = YES;
				MTL_ENABLE_DEBUG_INFO = NO;
				MTL_FAST_MATH = YES;
				SDKROOT = iphoneos;
				SWIFT_COMPILATION_MODE = wholemodule;
				VALIDATE_PRODUCT = YES;
			};
			name = Release;
		};
		55438A4F2D93CF26002D3248 /* Debug */ = {
			isa = XCBuildConfiguration;
			buildSettings = {
				ASSETCATALOG_COMPILER_APPICON_NAME = AppIcon;
				ASSETCATALOG_COMPILER_GLOBAL_ACCENT_COLOR_NAME = AccentColor;
				CODE_SIGN_STYLE = Automatic;
				CURRENT_PROJECT_VERSION = 1;
				DEVELOPMENT_ASSET_PATHS = "\"meishi_kanri/Preview Content\"";
				ENABLE_PREVIEWS = YES;
				GENERATE_INFOPLIST_FILE = YES;
				INFOPLIST_KEY_UIApplicationSceneManifest_Generation = YES;
				INFOPLIST_KEY_UIApplicationSupportsIndirectInputEvents = YES;
				INFOPLIST_KEY_UILaunchScreen_Generation = YES;
				INFOPLIST_KEY_UISupportedInterfaceOrientations_iPad = "UIInterfaceOrientationPortrait UIInterfaceOrientationPortraitUpsideDown UIInterfaceOrientationLandscapeLeft UIInterfaceOrientationLandscapeRight";
				INFOPLIST_KEY_UISupportedInterfaceOrientations_iPhone = "UIInterfaceOrientationPortrait UIInterfaceOrientationLandscapeLeft UIInterfaceOrientationLandscapeRight";
				LD_RUNPATH_SEARCH_PATHS = (
					"$(inherited)",
					"@executable_path/Frameworks",
				);
				MARKETING_VERSION = 1.0;
				PRODUCT_BUNDLE_IDENTIFIER = "meishi-kanri.meishi-kanri";
				PRODUCT_NAME = "$(TARGET_NAME)";
				SWIFT_EMIT_LOC_STRINGS = YES;
				SWIFT_VERSION = 5.0;
				TARGETED_DEVICE_FAMILY = "1,2";
			};
			name = Debug;
		};
		55438A502D93CF26002D3248 /* Release */ = {
			isa = XCBuildConfiguration;
			buildSettings = {
				ASSETCATALOG_COMPILER_APPICON_NAME = AppIcon;
				ASSETCATALOG_COMPILER_GLOBAL_ACCENT_COLOR_NAME = AccentColor;
				CODE_SIGN_STYLE = Automatic;
				CURRENT_PROJECT_VERSION = 1;
				DEVELOPMENT_ASSET_PATHS = "\"meishi_kanri/Preview Content\"";
				ENABLE_PREVIEWS = YES;
				GENERATE_INFOPLIST_FILE = YES;
				INFOPLIST_KEY_UIApplicationSceneManifest_Generation = YES;
				INFOPLIST_KEY_UIApplicationSupportsIndirectInputEvents = YES;
				INFOPLIST_KEY_UILaunchScreen_Generation = YES;
				INFOPLIST_KEY_UISupportedInterfaceOrientations_iPad = "UIInterfaceOrientationPortrait UIInterfaceOrientationPortraitUpsideDown UIInterfaceOrientationLandscapeLeft UIInterfaceOrientationLandscapeRight";
				INFOPLIST_KEY_UISupportedInterfaceOrientations_iPhone = "UIInterfaceOrientationPortrait UIInterfaceOrientationLandscapeLeft UIInterfaceOrientationLandscapeRight";
				LD_RUNPATH_SEARCH_PATHS = (
					"$(inherited)",
					"@executable_path/Frameworks",
				);
				MARKETING_VERSION = 1.0;
				PRODUCT_BUNDLE_IDENTIFIER = "meishi-kanri.meishi-kanri";
				PRODUCT_NAME = "$(TARGET_NAME)";
				SWIFT_EMIT_LOC_STRINGS = YES;
				SWIFT_VERSION = 5.0;
				TARGETED_DEVICE_FAMILY = "1,2";
			};
			name = Release;
		};
		55438A522D93CF26002D3248 /* Debug */ = {
			isa = XCBuildConfiguration;
			buildSettings = {
				BUNDLE_LOADER = "$(TEST_HOST)";
				CODE_SIGN_STYLE = Automatic;
				CURRENT_PROJECT_VERSION = 1;
				GENERATE_INFOPLIST_FILE = YES;
				IPHONEOS_DEPLOYMENT_TARGET = 18.1;
				MARKETING_VERSION = 1.0;
				PRODUCT_BUNDLE_IDENTIFIER = "meishi-kanri.meishi-kanriTests";
				PRODUCT_NAME = "$(TARGET_NAME)";
				SWIFT_EMIT_LOC_STRINGS = NO;
				SWIFT_VERSION = 5.0;
				TARGETED_DEVICE_FAMILY = "1,2";
				TEST_HOST = "$(BUILT_PRODUCTS_DIR)/meishi_kanri.app/$(BUNDLE_EXECUTABLE_FOLDER_PATH)/meishi_kanri";
			};
			name = Debug;
		};
		55438A532D93CF26002D3248 /* Release */ = {
			isa = XCBuildConfiguration;
			buildSettings = {
				BUNDLE_LOADER = "$(TEST_HOST)";
				CODE_SIGN_STYLE = Automatic;
				CURRENT_PROJECT_VERSION = 1;
				GENERATE_INFOPLIST_FILE = YES;
				IPHONEOS_DEPLOYMENT_TARGET = 18.1;
				MARKETING_VERSION = 1.0;
				PRODUCT_BUNDLE_IDENTIFIER = "meishi-kanri.meishi-kanriTests";
				PRODUCT_NAME = "$(TARGET_NAME)";
				SWIFT_EMIT_LOC_STRINGS = NO;
				SWIFT_VERSION = 5.0;
				TARGETED_DEVICE_FAMILY = "1,2";
				TEST_HOST = "$(BUILT_PRODUCTS_DIR)/meishi_kanri.app/$(BUNDLE_EXECUTABLE_FOLDER_PATH)/meishi_kanri";
			};
			name = Release;
		};
		55438A552D93CF26002D3248 /* Debug */ = {
			isa = XCBuildConfiguration;
			buildSettings = {
				CODE_SIGN_STYLE = Automatic;
				CURRENT_PROJECT_VERSION = 1;
				GENERATE_INFOPLIST_FILE = YES;
				MARKETING_VERSION = 1.0;
				PRODUCT_BUNDLE_IDENTIFIER = "meishi-kanri.meishi-kanriUITests";
				PRODUCT_NAME = "$(TARGET_NAME)";
				SWIFT_EMIT_LOC_STRINGS = NO;
				SWIFT_VERSION = 5.0;
				TARGETED_DEVICE_FAMILY = "1,2";
				TEST_TARGET_NAME = meishi_kanri;
			};
			name = Debug;
		};
		55438A562D93CF26002D3248 /* Release */ = {
			isa = XCBuildConfiguration;
			buildSettings = {
				CODE_SIGN_STYLE = Automatic;
				CURRENT_PROJECT_VERSION = 1;
				GENERATE_INFOPLIST_FILE = YES;
				MARKETING_VERSION = 1.0;
				PRODUCT_BUNDLE_IDENTIFIER = "meishi-kanri.meishi-kanriUITests";
				PRODUCT_NAME = "$(TARGET_NAME)";
				SWIFT_EMIT_LOC_STRINGS = NO;
				SWIFT_VERSION = 5.0;
				TARGETED_DEVICE_FAMILY = "1,2";
				TEST_TARGET_NAME = meishi_kanri;
			};
			name = Release;
		};
/* End XCBuildConfiguration section */

/* Begin XCConfigurationList section */
		55438A252D93CF25002D3248 /* Build configuration list for PBXProject "meishi_kanri" */ = {
			isa = XCConfigurationList;
			buildConfigurations = (
				55438A4C2D93CF26002D3248 /* Debug */,
				55438A4D2D93CF26002D3248 /* Release */,
			);
			defaultConfigurationIsVisible = 0;
			defaultConfigurationName = Release;
		};
		55438A4E2D93CF26002D3248 /* Build configuration list for PBXNativeTarget "meishi_kanri" */ = {
			isa = XCConfigurationList;
			buildConfigurations = (
				55438A4F2D93CF26002D3248 /* Debug */,
				55438A502D93CF26002D3248 /* Release */,
			);
			defaultConfigurationIsVisible = 0;
			defaultConfigurationName = Release;
		};
		55438A512D93CF26002D3248 /* Build configuration list for PBXNativeTarget "meishi_kanriTests" */ = {
			isa = XCConfigurationList;
			buildConfigurations = (
				55438A522D93CF26002D3248 /* Debug */,
				55438A532D93CF26002D3248 /* Release */,
			);
			defaultConfigurationIsVisible = 0;
			defaultConfigurationName = Release;
		};
		55438A542D93CF26002D3248 /* Build configuration list for PBXNativeTarget "meishi_kanriUITests" */ = {
			isa = XCConfigurationList;
			buildConfigurations = (
				55438A552D93CF26002D3248 /* Debug */,
				55438A562D93CF26002D3248 /* Release */,
			);
			defaultConfigurationIsVisible = 0;
			defaultConfigurationName = Release;
		};
/* End XCConfigurationList section */
	};
	rootObject = 55438A222D93CF25002D3248 /* Project object */;
}
